
Microsoft Visual Studio Solution File, Format Version 12.00
# Visual Studio Version 16
VisualStudioVersion = 16.0.31515.178
MinimumVisualStudioVersion = 10.0.40219.1
Project("{FAE04EC0-301F-11D3-BF4B-00C04F79EFBC}") = "APIRest", "APIRest\APIRest.csproj", "{ABF61976-E652-49F9-AB4D-0826962A8204}"
EndProject
Global
	GlobalSection(SolutionConfigurationPlatforms) = preSolution
		Debug|Any CPU = Debug|Any CPU
		Release|Any CPU = Release|Any CPU
	EndGlobalSection
	GlobalSection(ProjectConfigurationPlatforms) = postSolution
		{ABF61976-E652-49F9-AB4D-0826962A8204}.Debug|Any CPU.ActiveCfg = Debug|Any CPU
		{ABF61976-E652-49F9-AB4D-0826962A8204}.Debug|Any CPU.Build.0 = Debug|Any CPU
		{ABF61976-E652-49F9-AB4D-0826962A8204}.Release|Any CPU.ActiveCfg = Release|Any CPU
		{ABF61976-E652-49F9-AB4D-0826962A8204}.Release|Any CPU.Build.0 = Release|Any CPU
	EndGlobalSection
	GlobalSection(SolutionProperties) = preSolution
		HideSolutionNode = FALSE
	EndGlobalSection
	GlobalSection(ExtensibilityGlobals) = postSolution
		SolutionGuid = {0EC7E9C3-EC17-41A6-84C3-59A643210B20}
	EndGlobalSection
EndGlobal
